
Microsoft Visual Studio Solution File, Format Version 12.00
# Visual Studio Version 16
VisualStudioVersion = 16.0.31729.503
MinimumVisualStudioVersion = 10.0.40219.1
Project("{8BC9CEB8-8B4A-11D0-8D11-00A0C91BC942}") = "RTIW", "RTIW\RTIW.vcxproj", "{F6E060CC-9C23-4DF9-A326-806B14570FA6}"
EndProject
Global
	GlobalSection(SolutionConfigurationPlatforms) = preSolution
		Debug|x64 = Debug|x64
		Debug|x86 = Debug|x86
		Release|x64 = Release|x64
		Release|x86 = Release|x86
	EndGlobalSection
	GlobalSection(ProjectConfigurationPlatforms) = postSolution
		{F6E060CC-9C23-4DF9-A326-806B14570FA6}.Debug|x64.ActiveCfg = Debug|x64
		{F6E060CC-9C23-4DF9-A326-806B14570FA6}.Debug|x64.Build.0 = Debug|x64
		{F6E060CC-9C23-4DF9-A326-806B14570FA6}.Debug|x86.ActiveCfg = Debug|Win32
		{F6E060CC-9C23-4DF9-A326-806B14570FA6}.Debug|x86.Build.0 = Debug|Win32
		{F6E060CC-9C23-4DF9-A326-806B14570FA6}.Release|x64.ActiveCfg = Release|x64
		{F6E060CC-9C23-4DF9-A326-806B14570FA6}.Release|x64.Build.0 = Release|x64
		{F6E060CC-9C23-4DF9-A326-806B14570FA6}.Release|x86.ActiveCfg = Release|Win32
		{F6E060CC-9C23-4DF9-A326-806B14570FA6}.Release|x86.Build.0 = Release|Win32
	EndGlobalSection
	GlobalSection(SolutionProperties) = preSolution
		HideSolutionNode = FALSE
	EndGlobalSection
	GlobalSection(ExtensibilityGlobals) = postSolution
		SolutionGuid = {D59F6B92-30E8-43F8-9AF5-F5BDDB707360}
	EndGlobalSection
EndGlobal
